
Microsoft Visual Studio Solution File, Format Version 12.00
# Visual Studio 15
VisualStudioVersion = 15.0.26430.15
MinimumVisualStudioVersion = 10.0.40219.1
Project("{FAE04EC0-301F-11D3-BF4B-00C04F79EFBC}") = "AsyncDemo", "AsyncDemo.csproj", "{5A65ED1E-905C-45D3-8B77-144389013355}"
EndProject
Project("{FAE04EC0-301F-11D3-BF4B-00C04F79EFBC}") = "WebDemo", "..\WebApiAsyncExample\WebDemo.csproj", "{1A95DB96-3E16-495D-82E9-19CFB6A776D8}"
EndProject
Global
	GlobalSection(SolutionConfigurationPlatforms) = preSolution
		Debug|Any CPU = Debug|Any CPU
		Release|Any CPU = Release|Any CPU
	EndGlobalSection
	GlobalSection(ProjectConfigurationPlatforms) = postSolution
		{5A65ED1E-905C-45D3-8B77-144389013355}.Debug|Any CPU.ActiveCfg = Debug|Any CPU
		{5A65ED1E-905C-45D3-8B77-144389013355}.Debug|Any CPU.Build.0 = Debug|Any CPU
		{5A65ED1E-905C-45D3-8B77-144389013355}.Release|Any CPU.ActiveCfg = Release|Any CPU
		{5A65ED1E-905C-45D3-8B77-144389013355}.Release|Any CPU.Build.0 = Release|Any CPU
		{1A95DB96-3E16-495D-82E9-19CFB6A776D8}.Debug|Any CPU.ActiveCfg = Debug|Any CPU
		{1A95DB96-3E16-495D-82E9-19CFB6A776D8}.Debug|Any CPU.Build.0 = Debug|Any CPU
		{1A95DB96-3E16-495D-82E9-19CFB6A776D8}.Release|Any CPU.ActiveCfg = Release|Any CPU
		{1A95DB96-3E16-495D-82E9-19CFB6A776D8}.Release|Any CPU.Build.0 = Release|Any CPU
	EndGlobalSection
	GlobalSection(SolutionProperties) = preSolution
		HideSolutionNode = FALSE
	EndGlobalSection
EndGlobal
